
Microsoft Visual Studio Solution File, Format Version 12.00
# Visual Studio Version 17
VisualStudioVersion = 17.5.002.0
MinimumVisualStudioVersion = 10.0.40219.1
Project("{9A19103F-16F7-4668-BE54-9A1E7A4F7556}") = "interfaces", "interfaces.csproj", "{2E6A00B8-E160-430A-984D-659323B86786}"
EndProject
Global
	GlobalSection(SolutionConfigurationPlatforms) = preSolution
		Debug|Any CPU = Debug|Any CPU
		Release|Any CPU = Release|Any CPU
	EndGlobalSection
	GlobalSection(ProjectConfigurationPlatforms) = postSolution
		{2E6A00B8-E160-430A-984D-659323B86786}.Debug|Any CPU.ActiveCfg = Debug|Any CPU
		{2E6A00B8-E160-430A-984D-659323B86786}.Debug|Any CPU.Build.0 = Debug|Any CPU
		{2E6A00B8-E160-430A-984D-659323B86786}.Release|Any CPU.ActiveCfg = Release|Any CPU
		{2E6A00B8-E160-430A-984D-659323B86786}.Release|Any CPU.Build.0 = Release|Any CPU
	EndGlobalSection
	GlobalSection(SolutionProperties) = preSolution
		HideSolutionNode = FALSE
	EndGlobalSection
	GlobalSection(ExtensibilityGlobals) = postSolution
		SolutionGuid = {44EAE4E4-B972-49E9-BD14-F613B5804F1E}
	EndGlobalSection
EndGlobal